PODS:
  - Beacon (3.0.1)
  - Flutter (1.0.0)
  - flutter_help_scout (0.0.1):
    - Beacon (= 3.0.1)
    - Flutter

DEPENDENCIES:
  - Flutter (from `Flutter`)
  - flutter_help_scout (from `.symlinks/plugins/flutter_help_scout/ios`)

SPEC REPOS:
  trunk:
    - Beacon

EXTERNAL SOURCES:
  Flutter:
    :path: Flutter
  flutter_help_scout:
    :path: ".symlinks/plugins/flutter_help_scout/ios"

SPEC CHECKSUMS:
  Beacon: e6793fcd1fefe8fe9436a0bad3e79e7678e16105
  Flutter: e0871f40cf51350855a761d2e70bf5af5b9b5de7
  flutter_help_scout: f801d860ed069ed654b63180625f2df90a6f8891

PODFILE CHECKSUM: 4e8f8b2be68aeea4c0d5beb6ff1e79fface1d048

COCOAPODS: 1.15.2
