PODS:
  - Beacon (2.2.3)
  - Flutter (1.0.0)
  - flutter_help_scout (0.0.1):
    - Beacon (= 2.2.3)
    - Flutter

DEPENDENCIES:
  - Flutter (from `Flutter`)
  - flutter_help_scout (from `.symlinks/plugins/flutter_help_scout/ios`)

SPEC REPOS:
  trunk:
    - Beacon

EXTERNAL SOURCES:
  Flutter:
    :path: Flutter
  flutter_help_scout:
    :path: ".symlinks/plugins/flutter_help_scout/ios"

SPEC CHECKSUMS:
  Beacon: ae7551caf972fb351ecbb2b32ecdf629aabb1f97
  Flutter: e0871f40cf51350855a761d2e70bf5af5b9b5de7
  flutter_help_scout: 04b1f1bf6e5e7036ba908b2cb481fe09ab2b6f93

PODFILE CHECKSUM: 4e8f8b2be68aeea4c0d5beb6ff1e79fface1d048

COCOAPODS: 1.15.2
